
Microsoft Visual Studio Solution File, Format Version 12.00
# Visual Studio 14
VisualStudioVersion = 14.0.25420.1
MinimumVisualStudioVersion = 10.0.40219.1
Project("{FAE04EC0-301F-11D3-BF4B-00C04F79EFBC}") = "LibraryGuard", "LibraryGuard\LibraryGuard.csproj", "{E279C80B-F4FD-432B-BD02-698988E99043}"
EndProject
Project("{FAE04EC0-301F-11D3-BF4B-00C04F79EFBC}") = "LibraryGuardTests", "LibraryGuardTests\LibraryGuardTests.csproj", "{4A0BBA65-94D2-4BD5-8C41-D8EA20465E38}"
EndProject
Global
	GlobalSection(SolutionConfigurationPlatforms) = preSolution
		Debug|Any CPU = Debug|Any CPU
		Release|Any CPU = Release|Any CPU
	EndGlobalSection
	GlobalSection(ProjectConfigurationPlatforms) = postSolution
		{E279C80B-F4FD-432B-BD02-698988E99043}.Debug|Any CPU.ActiveCfg = Debug|Any CPU
		{E279C80B-F4FD-432B-BD02-698988E99043}.Debug|Any CPU.Build.0 = Debug|Any CPU
		{E279C80B-F4FD-432B-BD02-698988E99043}.Release|Any CPU.ActiveCfg = Release|Any CPU
		{E279C80B-F4FD-432B-BD02-698988E99043}.Release|Any CPU.Build.0 = Release|Any CPU
		{4A0BBA65-94D2-4BD5-8C41-D8EA20465E38}.Debug|Any CPU.ActiveCfg = Debug|Any CPU
		{4A0BBA65-94D2-4BD5-8C41-D8EA20465E38}.Debug|Any CPU.Build.0 = Debug|Any CPU
		{4A0BBA65-94D2-4BD5-8C41-D8EA20465E38}.Release|Any CPU.ActiveCfg = Release|Any CPU
		{4A0BBA65-94D2-4BD5-8C41-D8EA20465E38}.Release|Any CPU.Build.0 = Release|Any CPU
	EndGlobalSection
	GlobalSection(SolutionProperties) = preSolution
		HideSolutionNode = FALSE
	EndGlobalSection
EndGlobal
